
Microsoft Visual Studio Solution File, Format Version 12.00
# Visual Studio Version 17
VisualStudioVersion = 17.3.32929.385
MinimumVisualStudioVersion = 10.0.40219.1
Project("{FAE04EC0-301F-11D3-BF4B-00C04F79EFBC}") = "AcademiaDotNet.CursoCSharp.ConsoleApplication", "AcademiaDotNet.CursoCSharp.ConsoleApplication\AcademiaDotNet.CursoCSharp.ConsoleApplication.csproj", "{86CC14D3-DC75-41AA-9555-9C62341A9BF7}"
EndProject
Global
	GlobalSection(SolutionConfigurationPlatforms) = preSolution
		Debug|Any CPU = Debug|Any CPU
		Release|Any CPU = Release|Any CPU
	EndGlobalSection
	GlobalSection(ProjectConfigurationPlatforms) = postSolution
		{86CC14D3-DC75-41AA-9555-9C62341A9BF7}.Debug|Any CPU.ActiveCfg = Debug|Any CPU
		{86CC14D3-DC75-41AA-9555-9C62341A9BF7}.Debug|Any CPU.Build.0 = Debug|Any CPU
		{86CC14D3-DC75-41AA-9555-9C62341A9BF7}.Release|Any CPU.ActiveCfg = Release|Any CPU
		{86CC14D3-DC75-41AA-9555-9C62341A9BF7}.Release|Any CPU.Build.0 = Release|Any CPU
	EndGlobalSection
	GlobalSection(SolutionProperties) = preSolution
		HideSolutionNode = FALSE
	EndGlobalSection
	GlobalSection(ExtensibilityGlobals) = postSolution
		SolutionGuid = {51F1B277-E12F-495F-817F-ACF5F7D753A8}
	EndGlobalSection
EndGlobal
